{
  "requires": true,
  "lockfileVersion": 1,
  "dependencies": {
    "add-dom-event-listener": {
      "version": "1.1.0",
      "resolved": "https://registry.npmjs.org/add-dom-event-listener/-/add-dom-event-listener-1.1.0.tgz",
      "integrity": "sha512-WCxx1ixHT0GQU9hb0KI/mhgRQhnU+U3GvwY6ZvVjYq8rsihIGoaIOUbY0yMPBxLH5MDtr0kz3fisWGNcbWW7Jw==",
      "requires": {
        "object-assign": "4.x"
      }
    },
    "babel-runtime": {
      "version": "6.26.0",
      "resolved": "https://registry.npmjs.org/babel-runtime/-/babel-runtime-6.26.0.tgz",
      "integrity": "sha1-llxwWGaOgrVde/4E/yM3vItWR/4=",
      "requires": {
        "core-js": "^2.4.0",
        "regenerator-runtime": "^0.11.0"
      }
    },
    "classnames": {
      "version": "2.2.6",
      "resolved": "https://registry.npmjs.org/classnames/-/classnames-2.2.6.tgz",
      "integrity": "sha512-JR/iSQOSt+LQIWwrwEzJ9uk0xfN3mTVYMwt1Ir5mUcSN6pU+V4zQFFaJsclJbPuAUQH+yfWef6tm7l1quW3C8Q=="
    },
    "component-classes": {
      "version": "1.2.6",
      "resolved": "https://registry.npmjs.org/component-classes/-/component-classes-1.2.6.tgz",
      "integrity": "sha1-xkI5TDYYpNiwuJGe/Mu9kw5c1pE=",
      "requires": {
        "component-indexof": "0.0.3"
      }
    },
    "component-indexof": {
      "version": "0.0.3",
      "resolved": "https://registry.npmjs.org/component-indexof/-/component-indexof-0.0.3.tgz",
      "integrity": "sha1-EdCRMSI5648yyPJa6csAL/6NPCQ="
    },
    "core-js": {
      "version": "2.6.11",
      "resolved": "https://registry.npmjs.org/core-js/-/core-js-2.6.11.tgz",
      "integrity": "sha512-5wjnpaT/3dV+XB4borEsnAYQchn00XSgTAWKDkEqv+K8KevjbzmofK6hfJ9TZIlpj2N0xQpazy7PiRQiWHqzWg=="
    },
    "css-animation": {
      "version": "1.6.1",
      "resolved": "https://registry.npmjs.org/css-animation/-/css-animation-1.6.1.tgz",
      "integrity": "sha512-/48+/BaEaHRY6kNQ2OIPzKf9A6g8WjZYjhiNDNuIVbsm5tXCGIAsHDjB4Xu1C4vXJtUWZo26O68OQkDpNBaPog==",
      "requires": {
        "babel-runtime": "6.x",
        "component-classes": "^1.2.5"
      }
    },
    "dom-align": {
      "version": "1.11.1",
      "resolved": "https://registry.npmjs.org/dom-align/-/dom-align-1.11.1.tgz",
      "integrity": "sha512-hN42DmUgtweBx0iBjDLO4WtKOMcK8yBmPx/fgdsgQadLuzPu/8co3oLdK5yMmeM/vnUd3yDyV6qV8/NzxBexQg=="
    },
    "downloadjs": {
      "version": "1.4.7",
      "resolved": "https://registry.npmjs.org/downloadjs/-/downloadjs-1.4.7.tgz",
      "integrity": "sha1-9p+W+UDg0FU9rCkROYZaPNAQHjw="
    },
    "is-mobile": {
      "version": "2.2.1",
      "resolved": "https://registry.npmjs.org/is-mobile/-/is-mobile-2.2.1.tgz",
      "integrity": "sha512-6zELsfVFr326eq2CI53yvqq6YBanOxKBybwDT+MbMS2laBnK6Ez8m5XHSuTQQbnKRfpDzCod1CMWW5q3wZYMvA=="
    },
    "js-tokens": {
      "version": "4.0.0",
      "resolved": "https://registry.npmjs.org/js-tokens/-/js-tokens-4.0.0.tgz",
      "integrity": "sha512-RdJUflcE3cUzKiMqQgsCu06FPu9UdIJO0beYbPhHN4k6apgJtifcoCtT9bcxOpYBtpD2kCM6Sbzg4CausW/PKQ=="
    },
    "loose-envify": {
      "version": "1.4.0",
      "resolved": "https://registry.npmjs.org/loose-envify/-/loose-envify-1.4.0.tgz",
      "integrity": "sha512-lyuxPGr/Wfhrlem2CL/UcnUc1zcqKAImBDzukY7Y5F/yQiNdko6+fRLevlw1HgMySw7f611UIY408EtxRSoK3Q==",
      "requires": {
        "js-tokens": "^3.0.0 || ^4.0.0"
      }
    },
    "object-assign": {
      "version": "4.1.1",
      "resolved": "https://registry.npmjs.org/object-assign/-/object-assign-4.1.1.tgz",
      "integrity": "sha1-IQmtx5ZYh8/AXLvUQsrIv7s2CGM="
    },
    "performance-now": {
      "version": "2.1.0",
      "resolved": "https://registry.npmjs.org/performance-now/-/performance-now-2.1.0.tgz",
      "integrity": "sha1-Ywn04OX6kT7BxpMHrjZLSzd8nns="
    },
    "prop-types": {
      "version": "15.7.2",
      "resolved": "https://registry.npmjs.org/prop-types/-/prop-types-15.7.2.tgz",
      "integrity": "sha512-8QQikdH7//R2vurIJSutZ1smHYTcLpRWEOlHnzcWHmBYrOGUysKwSsrC89BCiFj3CbrfJ/nXFdJepOVrY1GCHQ==",
      "requires": {
        "loose-envify": "^1.4.0",
        "object-assign": "^4.1.1",
        "react-is": "^16.8.1"
      }
    },
    "raf": {
      "version": "3.4.1",
      "resolved": "https://registry.npmjs.org/raf/-/raf-3.4.1.tgz",
      "integrity": "sha512-Sq4CW4QhwOHE8ucn6J34MqtZCeWFP2aQSmrlroYgqAV1PjStIhJXxYuTgUIfkEk7zTLjmIjLmU5q+fbD1NnOJA==",
      "requires": {
        "performance-now": "^2.1.0"
      }
    },
    "rc-align": {
      "version": "3.0.0-rc.1",
      "resolved": "https://registry.npmjs.org/rc-align/-/rc-align-3.0.0-rc.1.tgz",
      "integrity": "sha512-GbofumhCUb7SxP410j/fbtR2M9Zml+eoZSdaliZh6R3NhfEj5zP4jcO3HG3S9C9KIcXQQtd/cwVHkb9Y0KU7Hg==",
      "requires": {
        "classnames": "2.x",
        "dom-align": "^1.7.0",
        "rc-util": "^4.12.0",
        "resize-observer-polyfill": "^1.5.1"
      }
    },
    "rc-animate": {
      "version": "2.11.1",
      "resolved": "https://registry.npmjs.org/rc-animate/-/rc-animate-2.11.1.tgz",
      "integrity": "sha512-1NyuCGFJG/0Y+9RKh5y/i/AalUCA51opyyS/jO2seELpgymZm2u9QV3xwODwEuzkmeQ1BDPxMLmYLcTJedPlkQ==",
      "requires": {
        "babel-runtime": "6.x",
        "classnames": "^2.2.6",
        "css-animation": "^1.3.2",
        "prop-types": "15.x",
        "raf": "^3.4.0",
        "rc-util": "^4.15.3",
        "react-lifecycles-compat": "^3.0.4"
      }
    },
    "rc-slider": {
      "version": "9.2.4",
      "resolved": "https://registry.npmjs.org/rc-slider/-/rc-slider-9.2.4.tgz",
      "integrity": "sha512-wSr7vz+WtzzGqsGU2rTQ4mmLz9fkuIDMPYMYm8ygYFvxQ2Rh4uRhOWHYI0R8krNK5k1bGycckYxmQqUIvLAh3w==",
      "requires": {
        "babel-runtime": "6.x",
        "classnames": "^2.2.5",
        "rc-tooltip": "^4.0.0",
        "rc-util": "^4.0.4",
        "shallowequal": "^1.1.0",
        "warning": "^4.0.3"
      }
    },
    "rc-switch": {
      "version": "1.9.0",
      "resolved": "https://registry.npmjs.org/rc-switch/-/rc-switch-1.9.0.tgz",
      "integrity": "sha512-Isas+egaK6qSk64jaEw4GgPStY4umYDbT7ZY93bZF1Af+b/JEsKsJdNOU2qG3WI0Z6tXo2DDq0kJCv8Yhu0zww==",
      "requires": {
        "classnames": "^2.2.1",
        "prop-types": "^15.5.6",
        "react-lifecycles-compat": "^3.0.4"
      }
    },
    "rc-tooltip": {
      "version": "4.0.3",
      "resolved": "https://registry.npmjs.org/rc-tooltip/-/rc-tooltip-4.0.3.tgz",
      "integrity": "sha512-HNyBh9/fPdds0DXja8JQX0XTIHmZapB3lLzbdn74aNSxXG1KUkt+GK4X1aOTRY5X9mqm4uUKdeFrn7j273H8gw==",
      "requires": {
        "rc-trigger": "^4.0.0"
      }
    },
    "rc-trigger": {
      "version": "4.0.2",
      "resolved": "https://registry.npmjs.org/rc-trigger/-/rc-trigger-4.0.2.tgz",
      "integrity": "sha512-to5S1NhK10rWHIgQpoQdwIhuDc2Ok4R4/dh5NLrDt6C+gqkohsdBCYiPk97Z+NwGhRU8N+dbf251bivX8DkzQg==",
      "requires": {
        "classnames": "^2.2.6",
        "prop-types": "15.x",
        "raf": "^3.4.1",
        "rc-align": "^3.0.0-rc.0",
        "rc-animate": "^2.10.2",
        "rc-util": "^4.20.0"
      }
    },
    "rc-util": {
      "version": "4.20.5",
      "resolved": "https://registry.npmjs.org/rc-util/-/rc-util-4.20.5.tgz",
      "integrity": "sha512-f67s4Dt1quBYhrVPq5QMKmK3eS2hN1NNIAyhaiG0HmvqiGYAXMQ7SP2AlGqv750vnzhJs38JklbkWT1/wjhFPg==",
      "requires": {
        "add-dom-event-listener": "^1.1.0",
        "prop-types": "^15.5.10",
        "react-is": "^16.12.0",
        "react-lifecycles-compat": "^3.0.4",
        "shallowequal": "^1.1.0"
      }
    },
    "react-drag-listview": {
      "version": "0.1.6",
      "resolved": "https://registry.npmjs.org/react-drag-listview/-/react-drag-listview-0.1.6.tgz",
      "integrity": "sha512-0nSWkR1bMLKgLZIYY2YVURYapppzy46FNSs9uAcCxceo2lnajngzLQ3tBgWaTjKTlWMXD0MAcDUWFDYdqMPYUg==",
      "requires": {
        "prop-types": "^15.5.8"
      }
    },
    "react-draggable": {
      "version": "4.3.1",
      "resolved": "https://registry.npmjs.org/react-draggable/-/react-draggable-4.3.1.tgz",
      "integrity": "sha512-m8QeV+eIi7LhD5mXoLqDzLbokc6Ncwa0T34fF6uJzWSs4vc4fdZI/XGqHYoEn91T8S6qO+BSXslONh7Jz9VPQQ==",
      "requires": {
        "classnames": "^2.2.5",
        "prop-types": "^15.6.0"
      }
    },
    "react-icon-base": {
      "version": "2.1.0",
      "resolved": "https://registry.npmjs.org/react-icon-base/-/react-icon-base-2.1.0.tgz",
      "integrity": "sha1-oZbjP98eeqof2jrvu2i9rZ6Cp50="
    },
    "react-icons": {
      "version": "2.2.7",
      "resolved": "https://registry.npmjs.org/react-icons/-/react-icons-2.2.7.tgz",
      "integrity": "sha512-0n4lcGqzJFcIQLoQytLdJCE0DKSA9dkwEZRYoGrIDJZFvIT6Hbajx5mv9geqhqFiNjUgtxg8kPyDfjlhymbGFg==",
      "requires": {
        "react-icon-base": "2.1.0"
      }
    },
    "react-is": {
      "version": "16.13.1",
      "resolved": "https://registry.npmjs.org/react-is/-/react-is-16.13.1.tgz",
      "integrity": "sha512-24e6ynE2H+OKt4kqsOvNd8kBpV65zoxbA4BVsEOB3ARVWQki/DHzaUoC5KuON/BiccDaCCTZBuOcfZs70kR8bQ=="
    },
    "react-jinke-music-player": {
      "version": "4.11.2",
      "resolved": "https://registry.npmjs.org/react-jinke-music-player/-/react-jinke-music-player-4.11.2.tgz",
      "integrity": "sha512-AVUFRdva5vByBXy1VezsQG5Cr00fY956Rhe4cSNdPbs7JaFtJ/mDddgz2h75qmC6TJTumDSh52NBWhiiywN1Tw==",
      "requires": {
        "classnames": "^2.2.6",
        "downloadjs": "^1.4.7",
        "is-mobile": "^2.2.1",
        "prop-types": "^15.7.2",
        "rc-slider": "^9.2.4",
        "rc-switch": "^1.9.0",
        "react-drag-listview": "^0.1.6",
        "react-draggable": "^4.2.0",
        "react-icons": "^2.2.5"
      }
    },
    "react-lifecycles-compat": {
      "version": "3.0.4",
      "resolved": "https://registry.npmjs.org/react-lifecycles-compat/-/react-lifecycles-compat-3.0.4.tgz",
      "integrity": "sha512-fBASbA6LnOU9dOU2eW7aQ8xmYBSXUIWr+UmF9b1efZBazGNO+rcXT/icdKnYm2pTwcRylVUYwW7H1PHfLekVzA=="
    },
    "regenerator-runtime": {
      "version": "0.11.1",
      "resolved": "https://registry.npmjs.org/regenerator-runtime/-/regenerator-runtime-0.11.1.tgz",
      "integrity": "sha512-MguG95oij0fC3QV3URf4V2SDYGJhJnJGqvIIgdECeODCT98wSWDAJ94SSuVpYQUoTcGUIL6L4yNB7j1DFFHSBg=="
    },
    "resize-observer-polyfill": {
      "version": "1.5.1",
      "resolved": "https://registry.npmjs.org/resize-observer-polyfill/-/resize-observer-polyfill-1.5.1.tgz",
      "integrity": "sha512-LwZrotdHOo12nQuZlHEmtuXdqGoOD0OhaxopaNFxWzInpEgaLWoVuAMbTzixuosCx2nEG58ngzW3vxdWoxIgdg=="
    },
    "shallowequal": {
      "version": "1.1.0",
      "resolved": "https://registry.npmjs.org/shallowequal/-/shallowequal-1.1.0.tgz",
      "integrity": "sha512-y0m1JoUZSlPAjXVtPPW70aZWfIL/dSP7AFkRnniLCrK/8MDKog3TySTBmckD+RObVxH0v4Tox67+F14PdED2oQ=="
    },
    "warning": {
      "version": "4.0.3",
      "resolved": "https://registry.npmjs.org/warning/-/warning-4.0.3.tgz",
      "integrity": "sha512-rpJyN222KWIvHJ/F53XSZv0Zl/accqHR8et1kpaMTD/fLCRxtV8iX8czMzY7sVZupTI3zcUTg8eycS2kNF9l6w==",
      "requires": {
        "loose-envify": "^1.0.0"
      }
    }
  }
}
